
Microsoft Visual Studio Solution File, Format Version 12.00
# Visual Studio 15
VisualStudioVersion = 15.0.27428.2002
MinimumVisualStudioVersion = 10.0.40219.1
Project("{FAE04EC0-301F-11D3-BF4B-00C04F79EFBC}") = "Level Tool", "Level Tool\Level Tool.csproj", "{89CBD809-9DFB-40D1-A8FD-887E4CA3FAFC}"
EndProject
Global
	GlobalSection(SolutionConfigurationPlatforms) = preSolution
		Debug|Any CPU = Debug|Any CPU
		Release|Any CPU = Release|Any CPU
	EndGlobalSection
	GlobalSection(ProjectConfigurationPlatforms) = postSolution
		{89CBD809-9DFB-40D1-A8FD-887E4CA3FAFC}.Debug|Any CPU.ActiveCfg = Debug|Any CPU
		{89CBD809-9DFB-40D1-A8FD-887E4CA3FAFC}.Debug|Any CPU.Build.0 = Debug|Any CPU
		{89CBD809-9DFB-40D1-A8FD-887E4CA3FAFC}.Release|Any CPU.ActiveCfg = Release|Any CPU
		{89CBD809-9DFB-40D1-A8FD-887E4CA3FAFC}.Release|Any CPU.Build.0 = Release|Any CPU
	EndGlobalSection
	GlobalSection(SolutionProperties) = preSolution
		HideSolutionNode = FALSE
	EndGlobalSection
	GlobalSection(ExtensibilityGlobals) = postSolution
		SolutionGuid = {1AF5739B-F7C6-4C83-B31F-D75780794CF7}
	EndGlobalSection
EndGlobal
